{
  "requires": true,
  "lockfileVersion": 1,
  "dependencies": {
    "react-audio-analyser": {
      "version": "0.2.5",
      "resolved": "https://registry.npmjs.org/react-audio-analyser/-/react-audio-analyser-0.2.5.tgz",
      "integrity": "sha512-S/o3LOGqgXvYed9r2QLkwFL8bOr8veMv+H3yXjQFmcdLFXsKBreF4KwQL96Xwj7TjyxXhKHSNoclOn+TN+OsdQ=="
    }
  }
}
